
Microsoft Visual Studio Solution File, Format Version 12.00
# Visual Studio 14
VisualStudioVersion = 14.0.25420.1
MinimumVisualStudioVersion = 10.0.40219.1
Project("{FAE04EC0-301F-11D3-BF4B-00C04F79EFBC}") = "MartaHackathon", "MartaHackathon\MartaHackathon\MartaHackathon.csproj", "{B17AC2B1-8C35-43D4-A2A9-005E96F265C0}"
EndProject
Project("{FAE04EC0-301F-11D3-BF4B-00C04F79EFBC}") = "MartaHackathon.Droid", "MartaHackathon\MartaHackathon.Droid\MartaHackathon.Droid.csproj", "{3A08B7F2-AC28-4B0A-9F11-1DBC55192017}"
EndProject
Project("{FAE04EC0-301F-11D3-BF4B-00C04F79EFBC}") = "MartaHackathon.iOS", "MartaHackathon\MartaHackathon.iOS\MartaHackathon.iOS.csproj", "{63D96C05-C748-4430-9AE9-33C6296C502E}"
EndProject
Project("{FAE04EC0-301F-11D3-BF4B-00C04F79EFBC}") = "MartaHackathonWeb", "MartaHackathonWeb\MartaHackathonWeb.csproj", "{86C692E3-DEE0-497E-A49A-0588ED433D17}"
EndProject
Global
	GlobalSection(SolutionConfigurationPlatforms) = preSolution
		Ad-Hoc|Any CPU = Ad-Hoc|Any CPU
		Ad-Hoc|ARM = Ad-Hoc|ARM
		Ad-Hoc|iPhone = Ad-Hoc|iPhone
		Ad-Hoc|iPhoneSimulator = Ad-Hoc|iPhoneSimulator
		Ad-Hoc|x64 = Ad-Hoc|x64
		Ad-Hoc|x86 = Ad-Hoc|x86
		AppStore|Any CPU = AppStore|Any CPU
		AppStore|ARM = AppStore|ARM
		AppStore|iPhone = AppStore|iPhone
		AppStore|iPhoneSimulator = AppStore|iPhoneSimulator
		AppStore|x64 = AppStore|x64
		AppStore|x86 = AppStore|x86
		Debug|Any CPU = Debug|Any CPU
		Debug|ARM = Debug|ARM
		Debug|iPhone = Debug|iPhone
		Debug|iPhoneSimulator = Debug|iPhoneSimulator
		Debug|x64 = Debug|x64
		Debug|x86 = Debug|x86
		Release|Any CPU = Release|Any CPU
		Release|ARM = Release|ARM
		Release|iPhone = Release|iPhone
		Release|iPhoneSimulator = Release|iPhoneSimulator
		Release|x64 = Release|x64
		Release|x86 = Release|x86
	EndGlobalSection
	GlobalSection(ProjectConfigurationPlatforms) = postSolution
		{B17AC2B1-8C35-43D4-A2A9-005E96F265C0}.Ad-Hoc|Any CPU.ActiveCfg = Release|Any CPU
		{B17AC2B1-8C35-43D4-A2A9-005E96F265C0}.Ad-Hoc|Any CPU.Build.0 = Release|Any CPU
		{B17AC2B1-8C35-43D4-A2A9-005E96F265C0}.Ad-Hoc|ARM.ActiveCfg = Release|Any CPU
		{B17AC2B1-8C35-43D4-A2A9-005E96F265C0}.Ad-Hoc|ARM.Build.0 = Release|Any CPU
		{B17AC2B1-8C35-43D4-A2A9-005E96F265C0}.Ad-Hoc|iPhone.ActiveCfg = Release|Any CPU
		{B17AC2B1-8C35-43D4-A2A9-005E96F265C0}.Ad-Hoc|iPhone.Build.0 = Release|Any CPU
		{B17AC2B1-8C35-43D4-A2A9-005E96F265C0}.Ad-Hoc|iPhoneSimulator.ActiveCfg = Release|Any CPU
		{B17AC2B1-8C35-43D4-A2A9-005E96F265C0}.Ad-Hoc|iPhoneSimulator.Build.0 = Release|Any CPU
		{B17AC2B1-8C35-43D4-A2A9-005E96F265C0}.Ad-Hoc|x64.ActiveCfg = Release|Any CPU
		{B17AC2B1-8C35-43D4-A2A9-005E96F265C0}.Ad-Hoc|x64.Build.0 = Release|Any CPU
		{B17AC2B1-8C35-43D4-A2A9-005E96F265C0}.Ad-Hoc|x86.ActiveCfg = Release|Any CPU
		{B17AC2B1-8C35-43D4-A2A9-005E96F265C0}.Ad-Hoc|x86.Build.0 = Release|Any CPU
		{B17AC2B1-8C35-43D4-A2A9-005E96F265C0}.AppStore|Any CPU.ActiveCfg = Release|Any CPU
		{B17AC2B1-8C35-43D4-A2A9-005E96F265C0}.AppStore|Any CPU.Build.0 = Release|Any CPU
		{B17AC2B1-8C35-43D4-A2A9-005E96F265C0}.AppStore|ARM.ActiveCfg = Release|Any CPU
		{B17AC2B1-8C35-43D4-A2A9-005E96F265C0}.AppStore|ARM.Build.0 = Release|Any CPU
		{B17AC2B1-8C35-43D4-A2A9-005E96F265C0}.AppStore|iPhone.ActiveCfg = Release|Any CPU
		{B17AC2B1-8C35-43D4-A2A9-005E96F265C0}.AppStore|iPhone.Build.0 = Release|Any CPU
		{B17AC2B1-8C35-43D4-A2A9-005E96F265C0}.AppStore|iPhoneSimulator.ActiveCfg = Release|Any CPU
		{B17AC2B1-8C35-43D4-A2A9-005E96F265C0}.AppStore|iPhoneSimulator.Build.0 = Release|Any CPU
		{B17AC2B1-8C35-43D4-A2A9-005E96F265C0}.AppStore|x64.ActiveCfg = Release|Any CPU
		{B17AC2B1-8C35-43D4-A2A9-005E96F265C0}.AppStore|x64.Build.0 = Release|Any CPU
		{B17AC2B1-8C35-43D4-A2A9-005E96F265C0}.AppStore|x86.ActiveCfg = Release|Any CPU
		{B17AC2B1-8C35-43D4-A2A9-005E96F265C0}.AppStore|x86.Build.0 = Release|Any CPU
		{B17AC2B1-8C35-43D4-A2A9-005E96F265C0}.Debug|Any CPU.ActiveCfg = Debug|Any CPU
		{B17AC2B1-8C35-43D4-A2A9-005E96F265C0}.Debug|Any CPU.Build.0 = Debug|Any CPU
		{B17AC2B1-8C35-43D4-A2A9-005E96F265C0}.Debug|ARM.ActiveCfg = Debug|Any CPU
		{B17AC2B1-8C35-43D4-A2A9-005E96F265C0}.Debug|ARM.Build.0 = Debug|Any CPU
		{B17AC2B1-8C35-43D4-A2A9-005E96F265C0}.Debug|iPhone.ActiveCfg = Debug|Any CPU
		{B17AC2B1-8C35-43D4-A2A9-005E96F265C0}.Debug|iPhone.Build.0 = Debug|Any CPU
		{B17AC2B1-8C35-43D4-A2A9-005E96F265C0}.Debug|iPhoneSimulator.ActiveCfg = Debug|Any CPU
		{B17AC2B1-8C35-43D4-A2A9-005E96F265C0}.Debug|iPhoneSimulator.Build.0 = Debug|Any CPU
		{B17AC2B1-8C35-43D4-A2A9-005E96F265C0}.Debug|x64.ActiveCfg = Debug|Any CPU
		{B17AC2B1-8C35-43D4-A2A9-005E96F265C0}.Debug|x64.Build.0 = Debug|Any CPU
		{B17AC2B1-8C35-43D4-A2A9-005E96F265C0}.Debug|x86.ActiveCfg = Debug|Any CPU
		{B17AC2B1-8C35-43D4-A2A9-005E96F265C0}.Debug|x86.Build.0 = Debug|Any CPU
		{B17AC2B1-8C35-43D4-A2A9-005E96F265C0}.Release|Any CPU.ActiveCfg = Release|Any CPU
		{B17AC2B1-8C35-43D4-A2A9-005E96F265C0}.Release|Any CPU.Build.0 = Release|Any CPU
		{B17AC2B1-8C35-43D4-A2A9-005E96F265C0}.Release|ARM.ActiveCfg = Release|Any CPU
		{B17AC2B1-8C35-43D4-A2A9-005E96F265C0}.Release|ARM.Build.0 = Release|Any CPU
		{B17AC2B1-8C35-43D4-A2A9-005E96F265C0}.Release|iPhone.ActiveCfg = Release|Any CPU
		{B17AC2B1-8C35-43D4-A2A9-005E96F265C0}.Release|iPhone.Build.0 = Release|Any CPU
		{B17AC2B1-8C35-43D4-A2A9-005E96F265C0}.Release|iPhoneSimulator.ActiveCfg = Release|Any CPU
		{B17AC2B1-8C35-43D4-A2A9-005E96F265C0}.Release|iPhoneSimulator.Build.0 = Release|Any CPU
		{B17AC2B1-8C35-43D4-A2A9-005E96F265C0}.Release|x64.ActiveCfg = Release|Any CPU
		{B17AC2B1-8C35-43D4-A2A9-005E96F265C0}.Release|x64.Build.0 = Release|Any CPU
		{B17AC2B1-8C35-43D4-A2A9-005E96F265C0}.Release|x86.ActiveCfg = Release|Any CPU
		{B17AC2B1-8C35-43D4-A2A9-005E96F265C0}.Release|x86.Build.0 = Release|Any CPU
		{3A08B7F2-AC28-4B0A-9F11-1DBC55192017}.Ad-Hoc|Any CPU.ActiveCfg = Release|Any CPU
		{3A08B7F2-AC28-4B0A-9F11-1DBC55192017}.Ad-Hoc|Any CPU.Build.0 = Release|Any CPU
		{3A08B7F2-AC28-4B0A-9F11-1DBC55192017}.Ad-Hoc|Any CPU.Deploy.0 = Release|Any CPU
		{3A08B7F2-AC28-4B0A-9F11-1DBC55192017}.Ad-Hoc|ARM.ActiveCfg = Release|Any CPU
		{3A08B7F2-AC28-4B0A-9F11-1DBC55192017}.Ad-Hoc|ARM.Build.0 = Release|Any CPU
		{3A08B7F2-AC28-4B0A-9F11-1DBC55192017}.Ad-Hoc|ARM.Deploy.0 = Release|Any CPU
		{3A08B7F2-AC28-4B0A-9F11-1DBC55192017}.Ad-Hoc|iPhone.ActiveCfg = Release|Any CPU
		{3A08B7F2-AC28-4B0A-9F11-1DBC55192017}.Ad-Hoc|iPhone.Build.0 = Release|Any CPU
		{3A08B7F2-AC28-4B0A-9F11-1DBC55192017}.Ad-Hoc|iPhone.Deploy.0 = Release|Any CPU
		{3A08B7F2-AC28-4B0A-9F11-1DBC55192017}.Ad-Hoc|iPhoneSimulator.ActiveCfg = Release|Any CPU
		{3A08B7F2-AC28-4B0A-9F11-1DBC55192017}.Ad-Hoc|iPhoneSimulator.Build.0 = Release|Any CPU
		{3A08B7F2-AC28-4B0A-9F11-1DBC55192017}.Ad-Hoc|iPhoneSimulator.Deploy.0 = Release|Any CPU
		{3A08B7F2-AC28-4B0A-9F11-1DBC55192017}.Ad-Hoc|x64.ActiveCfg = Release|Any CPU
		{3A08B7F2-AC28-4B0A-9F11-1DBC55192017}.Ad-Hoc|x64.Build.0 = Release|Any CPU
		{3A08B7F2-AC28-4B0A-9F11-1DBC55192017}.Ad-Hoc|x64.Deploy.0 = Release|Any CPU
		{3A08B7F2-AC28-4B0A-9F11-1DBC55192017}.Ad-Hoc|x86.ActiveCfg = Release|Any CPU
		{3A08B7F2-AC28-4B0A-9F11-1DBC55192017}.Ad-Hoc|x86.Build.0 = Release|Any CPU
		{3A08B7F2-AC28-4B0A-9F11-1DBC55192017}.Ad-Hoc|x86.Deploy.0 = Release|Any CPU
		{3A08B7F2-AC28-4B0A-9F11-1DBC55192017}.AppStore|Any CPU.ActiveCfg = Release|Any CPU
		{3A08B7F2-AC28-4B0A-9F11-1DBC55192017}.AppStore|Any CPU.Build.0 = Release|Any CPU
		{3A08B7F2-AC28-4B0A-9F11-1DBC55192017}.AppStore|Any CPU.Deploy.0 = Release|Any CPU
		{3A08B7F2-AC28-4B0A-9F11-1DBC55192017}.AppStore|ARM.ActiveCfg = Release|Any CPU
		{3A08B7F2-AC28-4B0A-9F11-1DBC55192017}.AppStore|ARM.Build.0 = Release|Any CPU
		{3A08B7F2-AC28-4B0A-9F11-1DBC55192017}.AppStore|ARM.Deploy.0 = Release|Any CPU
		{3A08B7F2-AC28-4B0A-9F11-1DBC55192017}.AppStore|iPhone.ActiveCfg = Release|Any CPU
		{3A08B7F2-AC28-4B0A-9F11-1DBC55192017}.AppStore|iPhone.Build.0 = Release|Any CPU
		{3A08B7F2-AC28-4B0A-9F11-1DBC55192017}.AppStore|iPhone.Deploy.0 = Release|Any CPU
		{3A08B7F2-AC28-4B0A-9F11-1DBC55192017}.AppStore|iPhoneSimulator.ActiveCfg = Release|Any CPU
		{3A08B7F2-AC28-4B0A-9F11-1DBC55192017}.AppStore|iPhoneSimulator.Build.0 = Release|Any CPU
		{3A08B7F2-AC28-4B0A-9F11-1DBC55192017}.AppStore|iPhoneSimulator.Deploy.0 = Release|Any CPU
		{3A08B7F2-AC28-4B0A-9F11-1DBC55192017}.AppStore|x64.ActiveCfg = Release|Any CPU
		{3A08B7F2-AC28-4B0A-9F11-1DBC55192017}.AppStore|x64.Build.0 = Release|Any CPU
		{3A08B7F2-AC28-4B0A-9F11-1DBC55192017}.AppStore|x64.Deploy.0 = Release|Any CPU
		{3A08B7F2-AC28-4B0A-9F11-1DBC55192017}.AppStore|x86.ActiveCfg = Release|Any CPU
		{3A08B7F2-AC28-4B0A-9F11-1DBC55192017}.AppStore|x86.Build.0 = Release|Any CPU
		{3A08B7F2-AC28-4B0A-9F11-1DBC55192017}.AppStore|x86.Deploy.0 = Release|Any CPU
		{3A08B7F2-AC28-4B0A-9F11-1DBC55192017}.Debug|Any CPU.ActiveCfg = Debug|Any CPU
		{3A08B7F2-AC28-4B0A-9F11-1DBC55192017}.Debug|Any CPU.Build.0 = Debug|Any CPU
		{3A08B7F2-AC28-4B0A-9F11-1DBC55192017}.Debug|Any CPU.Deploy.0 = Debug|Any CPU
		{3A08B7F2-AC28-4B0A-9F11-1DBC55192017}.Debug|ARM.ActiveCfg = Debug|Any CPU
		{3A08B7F2-AC28-4B0A-9F11-1DBC55192017}.Debug|ARM.Build.0 = Debug|Any CPU
		{3A08B7F2-AC28-4B0A-9F11-1DBC55192017}.Debug|ARM.Deploy.0 = Debug|Any CPU
		{3A08B7F2-AC28-4B0A-9F11-1DBC55192017}.Debug|iPhone.ActiveCfg = Debug|Any CPU
		{3A08B7F2-AC28-4B0A-9F11-1DBC55192017}.Debug|iPhone.Build.0 = Debug|Any CPU
		{3A08B7F2-AC28-4B0A-9F11-1DBC55192017}.Debug|iPhone.Deploy.0 = Debug|Any CPU
		{3A08B7F2-AC28-4B0A-9F11-1DBC55192017}.Debug|iPhoneSimulator.ActiveCfg = Debug|Any CPU
		{3A08B7F2-AC28-4B0A-9F11-1DBC55192017}.Debug|iPhoneSimulator.Build.0 = Debug|Any CPU
		{3A08B7F2-AC28-4B0A-9F11-1DBC55192017}.Debug|iPhoneSimulator.Deploy.0 = Debug|Any CPU
		{3A08B7F2-AC28-4B0A-9F11-1DBC55192017}.Debug|x64.ActiveCfg = Debug|Any CPU
		{3A08B7F2-AC28-4B0A-9F11-1DBC55192017}.Debug|x64.Build.0 = Debug|Any CPU
		{3A08B7F2-AC28-4B0A-9F11-1DBC55192017}.Debug|x64.Deploy.0 = Debug|Any CPU
		{3A08B7F2-AC28-4B0A-9F11-1DBC55192017}.Debug|x86.ActiveCfg = Debug|Any CPU
		{3A08B7F2-AC28-4B0A-9F11-1DBC55192017}.Debug|x86.Build.0 = Debug|Any CPU
		{3A08B7F2-AC28-4B0A-9F11-1DBC55192017}.Debug|x86.Deploy.0 = Debug|Any CPU
		{3A08B7F2-AC28-4B0A-9F11-1DBC55192017}.Release|Any CPU.ActiveCfg = Release|Any CPU
		{3A08B7F2-AC28-4B0A-9F11-1DBC55192017}.Release|Any CPU.Build.0 = Release|Any CPU
		{3A08B7F2-AC28-4B0A-9F11-1DBC55192017}.Release|Any CPU.Deploy.0 = Release|Any CPU
		{3A08B7F2-AC28-4B0A-9F11-1DBC55192017}.Release|ARM.ActiveCfg = Release|Any CPU
		{3A08B7F2-AC28-4B0A-9F11-1DBC55192017}.Release|ARM.Build.0 = Release|Any CPU
		{3A08B7F2-AC28-4B0A-9F11-1DBC55192017}.Release|ARM.Deploy.0 = Release|Any CPU
		{3A08B7F2-AC28-4B0A-9F11-1DBC55192017}.Release|iPhone.ActiveCfg = Release|Any CPU
		{3A08B7F2-AC28-4B0A-9F11-1DBC55192017}.Release|iPhone.Build.0 = Release|Any CPU
		{3A08B7F2-AC28-4B0A-9F11-1DBC55192017}.Release|iPhone.Deploy.0 = Release|Any CPU
		{3A08B7F2-AC28-4B0A-9F11-1DBC55192017}.Release|iPhoneSimulator.ActiveCfg = Release|Any CPU
		{3A08B7F2-AC28-4B0A-9F11-1DBC55192017}.Release|iPhoneSimulator.Build.0 = Release|Any CPU
		{3A08B7F2-AC28-4B0A-9F11-1DBC55192017}.Release|iPhoneSimulator.Deploy.0 = Release|Any CPU
		{3A08B7F2-AC28-4B0A-9F11-1DBC55192017}.Release|x64.ActiveCfg = Release|Any CPU
		{3A08B7F2-AC28-4B0A-9F11-1DBC55192017}.Release|x64.Build.0 = Release|Any CPU
		{3A08B7F2-AC28-4B0A-9F11-1DBC55192017}.Release|x64.Deploy.0 = Release|Any CPU
		{3A08B7F2-AC28-4B0A-9F11-1DBC55192017}.Release|x86.ActiveCfg = Release|Any CPU
		{3A08B7F2-AC28-4B0A-9F11-1DBC55192017}.Release|x86.Build.0 = Release|Any CPU
		{3A08B7F2-AC28-4B0A-9F11-1DBC55192017}.Release|x86.Deploy.0 = Release|Any CPU
		{63D96C05-C748-4430-9AE9-33C6296C502E}.Ad-Hoc|Any CPU.ActiveCfg = Ad-Hoc|iPhone
		{63D96C05-C748-4430-9AE9-33C6296C502E}.Ad-Hoc|ARM.ActiveCfg = Ad-Hoc|iPhone
		{63D96C05-C748-4430-9AE9-33C6296C502E}.Ad-Hoc|iPhone.ActiveCfg = Ad-Hoc|iPhone
		{63D96C05-C748-4430-9AE9-33C6296C502E}.Ad-Hoc|iPhone.Build.0 = Ad-Hoc|iPhone
		{63D96C05-C748-4430-9AE9-33C6296C502E}.Ad-Hoc|iPhoneSimulator.ActiveCfg = Ad-Hoc|iPhoneSimulator
		{63D96C05-C748-4430-9AE9-33C6296C502E}.Ad-Hoc|iPhoneSimulator.Build.0 = Ad-Hoc|iPhoneSimulator
		{63D96C05-C748-4430-9AE9-33C6296C502E}.Ad-Hoc|x64.ActiveCfg = Ad-Hoc|iPhone
		{63D96C05-C748-4430-9AE9-33C6296C502E}.Ad-Hoc|x86.ActiveCfg = Ad-Hoc|iPhone
		{63D96C05-C748-4430-9AE9-33C6296C502E}.AppStore|Any CPU.ActiveCfg = AppStore|iPhone
		{63D96C05-C748-4430-9AE9-33C6296C502E}.AppStore|ARM.ActiveCfg = AppStore|iPhone
		{63D96C05-C748-4430-9AE9-33C6296C502E}.AppStore|iPhone.ActiveCfg = AppStore|iPhone
		{63D96C05-C748-4430-9AE9-33C6296C502E}.AppStore|iPhone.Build.0 = AppStore|iPhone
		{63D96C05-C748-4430-9AE9-33C6296C502E}.AppStore|iPhoneSimulator.ActiveCfg = AppStore|iPhoneSimulator
		{63D96C05-C748-4430-9AE9-33C6296C502E}.AppStore|iPhoneSimulator.Build.0 = AppStore|iPhoneSimulator
		{63D96C05-C748-4430-9AE9-33C6296C502E}.AppStore|x64.ActiveCfg = AppStore|iPhone
		{63D96C05-C748-4430-9AE9-33C6296C502E}.AppStore|x86.ActiveCfg = AppStore|iPhone
		{63D96C05-C748-4430-9AE9-33C6296C502E}.Debug|Any CPU.ActiveCfg = Debug|iPhone
		{63D96C05-C748-4430-9AE9-33C6296C502E}.Debug|ARM.ActiveCfg = Debug|iPhone
		{63D96C05-C748-4430-9AE9-33C6296C502E}.Debug|iPhone.ActiveCfg = Debug|iPhone
		{63D96C05-C748-4430-9AE9-33C6296C502E}.Debug|iPhone.Build.0 = Debug|iPhone
		{63D96C05-C748-4430-9AE9-33C6296C502E}.Debug|iPhoneSimulator.ActiveCfg = Debug|iPhoneSimulator
		{63D96C05-C748-4430-9AE9-33C6296C502E}.Debug|iPhoneSimulator.Build.0 = Debug|iPhoneSimulator
		{63D96C05-C748-4430-9AE9-33C6296C502E}.Debug|x64.ActiveCfg = Debug|iPhone
		{63D96C05-C748-4430-9AE9-33C6296C502E}.Debug|x86.ActiveCfg = Debug|iPhone
		{63D96C05-C748-4430-9AE9-33C6296C502E}.Release|Any CPU.ActiveCfg = Release|iPhone
		{63D96C05-C748-4430-9AE9-33C6296C502E}.Release|ARM.ActiveCfg = Release|iPhone
		{63D96C05-C748-4430-9AE9-33C6296C502E}.Release|iPhone.ActiveCfg = Release|iPhone
		{63D96C05-C748-4430-9AE9-33C6296C502E}.Release|iPhone.Build.0 = Release|iPhone
		{63D96C05-C748-4430-9AE9-33C6296C502E}.Release|iPhoneSimulator.ActiveCfg = Release|iPhoneSimulator
		{63D96C05-C748-4430-9AE9-33C6296C502E}.Release|iPhoneSimulator.Build.0 = Release|iPhoneSimulator
		{63D96C05-C748-4430-9AE9-33C6296C502E}.Release|x64.ActiveCfg = Release|iPhone
		{63D96C05-C748-4430-9AE9-33C6296C502E}.Release|x86.ActiveCfg = Release|iPhone
		{86C692E3-DEE0-497E-A49A-0588ED433D17}.Ad-Hoc|Any CPU.ActiveCfg = Release|Any CPU
		{86C692E3-DEE0-497E-A49A-0588ED433D17}.Ad-Hoc|Any CPU.Build.0 = Release|Any CPU
		{86C692E3-DEE0-497E-A49A-0588ED433D17}.Ad-Hoc|ARM.ActiveCfg = Release|Any CPU
		{86C692E3-DEE0-497E-A49A-0588ED433D17}.Ad-Hoc|ARM.Build.0 = Release|Any CPU
		{86C692E3-DEE0-497E-A49A-0588ED433D17}.Ad-Hoc|iPhone.ActiveCfg = Release|Any CPU
		{86C692E3-DEE0-497E-A49A-0588ED433D17}.Ad-Hoc|iPhone.Build.0 = Release|Any CPU
		{86C692E3-DEE0-497E-A49A-0588ED433D17}.Ad-Hoc|iPhoneSimulator.ActiveCfg = Release|Any CPU
		{86C692E3-DEE0-497E-A49A-0588ED433D17}.Ad-Hoc|iPhoneSimulator.Build.0 = Release|Any CPU
		{86C692E3-DEE0-497E-A49A-0588ED433D17}.Ad-Hoc|x64.ActiveCfg = Release|Any CPU
		{86C692E3-DEE0-497E-A49A-0588ED433D17}.Ad-Hoc|x64.Build.0 = Release|Any CPU
		{86C692E3-DEE0-497E-A49A-0588ED433D17}.Ad-Hoc|x86.ActiveCfg = Release|Any CPU
		{86C692E3-DEE0-497E-A49A-0588ED433D17}.Ad-Hoc|x86.Build.0 = Release|Any CPU
		{86C692E3-DEE0-497E-A49A-0588ED433D17}.AppStore|Any CPU.ActiveCfg = Release|Any CPU
		{86C692E3-DEE0-497E-A49A-0588ED433D17}.AppStore|Any CPU.Build.0 = Release|Any CPU
		{86C692E3-DEE0-497E-A49A-0588ED433D17}.AppStore|ARM.ActiveCfg = Release|Any CPU
		{86C692E3-DEE0-497E-A49A-0588ED433D17}.AppStore|ARM.Build.0 = Release|Any CPU
		{86C692E3-DEE0-497E-A49A-0588ED433D17}.AppStore|iPhone.ActiveCfg = Release|Any CPU
		{86C692E3-DEE0-497E-A49A-0588ED433D17}.AppStore|iPhone.Build.0 = Release|Any CPU
		{86C692E3-DEE0-497E-A49A-0588ED433D17}.AppStore|iPhoneSimulator.ActiveCfg = Release|Any CPU
		{86C692E3-DEE0-497E-A49A-0588ED433D17}.AppStore|iPhoneSimulator.Build.0 = Release|Any CPU
		{86C692E3-DEE0-497E-A49A-0588ED433D17}.AppStore|x64.ActiveCfg = Release|Any CPU
		{86C692E3-DEE0-497E-A49A-0588ED433D17}.AppStore|x64.Build.0 = Release|Any CPU
		{86C692E3-DEE0-497E-A49A-0588ED433D17}.AppStore|x86.ActiveCfg = Release|Any CPU
		{86C692E3-DEE0-497E-A49A-0588ED433D17}.AppStore|x86.Build.0 = Release|Any CPU
		{86C692E3-DEE0-497E-A49A-0588ED433D17}.Debug|Any CPU.ActiveCfg = Debug|Any CPU
		{86C692E3-DEE0-497E-A49A-0588ED433D17}.Debug|Any CPU.Build.0 = Debug|Any CPU
		{86C692E3-DEE0-497E-A49A-0588ED433D17}.Debug|ARM.ActiveCfg = Debug|Any CPU
		{86C692E3-DEE0-497E-A49A-0588ED433D17}.Debug|ARM.Build.0 = Debug|Any CPU
		{86C692E3-DEE0-497E-A49A-0588ED433D17}.Debug|iPhone.ActiveCfg = Debug|Any CPU
		{86C692E3-DEE0-497E-A49A-0588ED433D17}.Debug|iPhone.Build.0 = Debug|Any CPU
		{86C692E3-DEE0-497E-A49A-0588ED433D17}.Debug|iPhoneSimulator.ActiveCfg = Debug|Any CPU
		{86C692E3-DEE0-497E-A49A-0588ED433D17}.Debug|iPhoneSimulator.Build.0 = Debug|Any CPU
		{86C692E3-DEE0-497E-A49A-0588ED433D17}.Debug|x64.ActiveCfg = Debug|Any CPU
		{86C692E3-DEE0-497E-A49A-0588ED433D17}.Debug|x64.Build.0 = Debug|Any CPU
		{86C692E3-DEE0-497E-A49A-0588ED433D17}.Debug|x86.ActiveCfg = Debug|Any CPU
		{86C692E3-DEE0-497E-A49A-0588ED433D17}.Debug|x86.Build.0 = Debug|Any CPU
		{86C692E3-DEE0-497E-A49A-0588ED433D17}.Release|Any CPU.ActiveCfg = Release|Any CPU
		{86C692E3-DEE0-497E-A49A-0588ED433D17}.Release|Any CPU.Build.0 = Release|Any CPU
		{86C692E3-DEE0-497E-A49A-0588ED433D17}.Release|ARM.ActiveCfg = Release|Any CPU
		{86C692E3-DEE0-497E-A49A-0588ED433D17}.Release|ARM.Build.0 = Release|Any CPU
		{86C692E3-DEE0-497E-A49A-0588ED433D17}.Release|iPhone.ActiveCfg = Release|Any CPU
		{86C692E3-DEE0-497E-A49A-0588ED433D17}.Release|iPhone.Build.0 = Release|Any CPU
		{86C692E3-DEE0-497E-A49A-0588ED433D17}.Release|iPhoneSimulator.ActiveCfg = Release|Any CPU
		{86C692E3-DEE0-497E-A49A-0588ED433D17}.Release|iPhoneSimulator.Build.0 = Release|Any CPU
		{86C692E3-DEE0-497E-A49A-0588ED433D17}.Release|x64.ActiveCfg = Release|Any CPU
		{86C692E3-DEE0-497E-A49A-0588ED433D17}.Release|x64.Build.0 = Release|Any CPU
		{86C692E3-DEE0-497E-A49A-0588ED433D17}.Release|x86.ActiveCfg = Release|Any CPU
		{86C692E3-DEE0-497E-A49A-0588ED433D17}.Release|x86.Build.0 = Release|Any CPU
	EndGlobalSection
	GlobalSection(SolutionProperties) = preSolution
		HideSolutionNode = FALSE
	EndGlobalSection
EndGlobal
